
Microsoft Visual Studio Solution File, Format Version 12.00
# Visual Studio Version 17
VisualStudioVersion = 17.11.35312.102
MinimumVisualStudioVersion = 10.0.40219.1
Project("{2150E333-8FDC-42A3-9474-1A3956D46DE8}") = "API", "API", "{EFCAAEBB-8B2E-443D-949D-97692BBCA171}"
EndProject
Project("{2150E333-8FDC-42A3-9474-1A3956D46DE8}") = "Data", "Data", "{F33EFC6F-0066-4B90-B72D-1D4A3F0DA0B2}"
EndProject
Project("{2150E333-8FDC-42A3-9474-1A3956D46DE8}") = "Dominio", "Dominio", "{16E01EA2-37D8-4742-8ED7-C709208EE054}"
EndProject
Project("{2150E333-8FDC-42A3-9474-1A3956D46DE8}") = "Service", "Service", "{CB05EB2D-6B12-46B1-B881-1F889B0D0157}"
EndProject
Project("{FAE04EC0-301F-11D3-BF4B-00C04F79EFBC}") = "TesteDesenvolvimento", "TesteDesenvolvimento\TesteDesenvolvimento.csproj", "{08AE4268-EE92-4475-B7D0-F405D0122735}"
EndProject
Project("{FAE04EC0-301F-11D3-BF4B-00C04F79EFBC}") = "TesteDesenvolvimento.Data", "TesteDesenvolvimento.Data\TesteDesenvolvimento.Data.csproj", "{91140137-CA47-49E2-B4A8-D42F7682EF98}"
EndProject
Project("{FAE04EC0-301F-11D3-BF4B-00C04F79EFBC}") = "TesteDesenvolvimento.Dominio", "TesteDesenvolvimento.Dominio\TesteDesenvolvimento.Dominio.csproj", "{B944D3B8-BB57-47B8-99A7-B598E850AA3F}"
EndProject
Project("{FAE04EC0-301F-11D3-BF4B-00C04F79EFBC}") = "TesteDesenvolvimento.Service", "TesteDesenvolvimento.Service\TesteDesenvolvimento.Service.csproj", "{BDD71629-1008-4937-B14A-0B94090983E2}"
EndProject
Global
	GlobalSection(SolutionConfigurationPlatforms) = preSolution
		Debug|Any CPU = Debug|Any CPU
		Release|Any CPU = Release|Any CPU
	EndGlobalSection
	GlobalSection(ProjectConfigurationPlatforms) = postSolution
		{08AE4268-EE92-4475-B7D0-F405D0122735}.Debug|Any CPU.ActiveCfg = Debug|Any CPU
		{08AE4268-EE92-4475-B7D0-F405D0122735}.Debug|Any CPU.Build.0 = Debug|Any CPU
		{08AE4268-EE92-4475-B7D0-F405D0122735}.Release|Any CPU.ActiveCfg = Release|Any CPU
		{08AE4268-EE92-4475-B7D0-F405D0122735}.Release|Any CPU.Build.0 = Release|Any CPU
		{91140137-CA47-49E2-B4A8-D42F7682EF98}.Debug|Any CPU.ActiveCfg = Debug|Any CPU
		{91140137-CA47-49E2-B4A8-D42F7682EF98}.Debug|Any CPU.Build.0 = Debug|Any CPU
		{91140137-CA47-49E2-B4A8-D42F7682EF98}.Release|Any CPU.ActiveCfg = Release|Any CPU
		{91140137-CA47-49E2-B4A8-D42F7682EF98}.Release|Any CPU.Build.0 = Release|Any CPU
		{B944D3B8-BB57-47B8-99A7-B598E850AA3F}.Debug|Any CPU.ActiveCfg = Debug|Any CPU
		{B944D3B8-BB57-47B8-99A7-B598E850AA3F}.Debug|Any CPU.Build.0 = Debug|Any CPU
		{B944D3B8-BB57-47B8-99A7-B598E850AA3F}.Release|Any CPU.ActiveCfg = Release|Any CPU
		{B944D3B8-BB57-47B8-99A7-B598E850AA3F}.Release|Any CPU.Build.0 = Release|Any CPU
		{BDD71629-1008-4937-B14A-0B94090983E2}.Debug|Any CPU.ActiveCfg = Debug|Any CPU
		{BDD71629-1008-4937-B14A-0B94090983E2}.Debug|Any CPU.Build.0 = Debug|Any CPU
		{BDD71629-1008-4937-B14A-0B94090983E2}.Release|Any CPU.ActiveCfg = Release|Any CPU
		{BDD71629-1008-4937-B14A-0B94090983E2}.Release|Any CPU.Build.0 = Release|Any CPU
	EndGlobalSection
	GlobalSection(SolutionProperties) = preSolution
		HideSolutionNode = FALSE
	EndGlobalSection
	GlobalSection(NestedProjects) = preSolution
		{08AE4268-EE92-4475-B7D0-F405D0122735} = {EFCAAEBB-8B2E-443D-949D-97692BBCA171}
		{91140137-CA47-49E2-B4A8-D42F7682EF98} = {F33EFC6F-0066-4B90-B72D-1D4A3F0DA0B2}
		{B944D3B8-BB57-47B8-99A7-B598E850AA3F} = {16E01EA2-37D8-4742-8ED7-C709208EE054}
		{BDD71629-1008-4937-B14A-0B94090983E2} = {CB05EB2D-6B12-46B1-B881-1F889B0D0157}
	EndGlobalSection
	GlobalSection(ExtensibilityGlobals) = postSolution
		SolutionGuid = {0D66264E-D657-4949-BEE9-DF6601C20290}
	EndGlobalSection
EndGlobal
